
Microsoft Visual Studio Solution File, Format Version 12.00
# Visual Studio Version 16
VisualStudioVersion = 16.0.30204.135
MinimumVisualStudioVersion = 10.0.40219.1
Project("{FAE04EC0-301F-11D3-BF4B-00C04F79EFBC}") = "GDILesson", "GDILesson\GDILesson.csproj", "{EEA25591-684E-45FC-BDA3-808378146DFF}"
EndProject
Global
	GlobalSection(SolutionConfigurationPlatforms) = preSolution
		Debug|Any CPU = Debug|Any CPU
		Release|Any CPU = Release|Any CPU
	EndGlobalSection
	GlobalSection(ProjectConfigurationPlatforms) = postSolution
		{EEA25591-684E-45FC-BDA3-808378146DFF}.Debug|Any CPU.ActiveCfg = Debug|Any CPU
		{EEA25591-684E-45FC-BDA3-808378146DFF}.Debug|Any CPU.Build.0 = Debug|Any CPU
		{EEA25591-684E-45FC-BDA3-808378146DFF}.Release|Any CPU.ActiveCfg = Release|Any CPU
		{EEA25591-684E-45FC-BDA3-808378146DFF}.Release|Any CPU.Build.0 = Release|Any CPU
	EndGlobalSection
	GlobalSection(SolutionProperties) = preSolution
		HideSolutionNode = FALSE
	EndGlobalSection
	GlobalSection(ExtensibilityGlobals) = postSolution
		SolutionGuid = {30915184-52C5-4026-82EE-3D00B7D86402}
	EndGlobalSection
EndGlobal
